
Microsoft Visual Studio Solution File, Format Version 12.00
# Visual Studio Version 16
VisualStudioVersion = 16.0.30204.135
MinimumVisualStudioVersion = 10.0.40219.1
Project("{8BC9CEB8-8B4A-11D0-8D11-00A0C91BC942}") = "RPNCalculator", "RPNCalculator.vcxproj", "{0C6D3C0E-D483-4C6B-8130-4106044DD4EE}"
EndProject
Global
	GlobalSection(SolutionConfigurationPlatforms) = preSolution
		Debug|x64 = Debug|x64
		Release|x64 = Release|x64
	EndGlobalSection
	GlobalSection(ProjectConfigurationPlatforms) = postSolution
		{0C6D3C0E-D483-4C6B-8130-4106044DD4EE}.Debug|x64.ActiveCfg = Debug|x64
		{0C6D3C0E-D483-4C6B-8130-4106044DD4EE}.Debug|x64.Build.0 = Debug|x64
		{0C6D3C0E-D483-4C6B-8130-4106044DD4EE}.Release|x64.ActiveCfg = Release|x64
		{0C6D3C0E-D483-4C6B-8130-4106044DD4EE}.Release|x64.Build.0 = Release|x64
	EndGlobalSection
	GlobalSection(SolutionProperties) = preSolution
		HideSolutionNode = FALSE
	EndGlobalSection
	GlobalSection(ExtensibilityGlobals) = postSolution
		SolutionGuid = {8CDEFA9C-CE0E-4CC1-A862-6AE0F701BC3C}
	EndGlobalSection
EndGlobal
